
Microsoft Visual Studio Solution File, Format Version 12.00
# Visual Studio Version 16
VisualStudioVersion = 16.0.33529.622
MinimumVisualStudioVersion = 10.0.40219.1
Project("{FAE04EC0-301F-11D3-BF4B-00C04F79EFBC}") = "EventManagement", "EventManagement\EventManagement.csproj", "{2C08C027-D356-42E3-88CD-7E9692E16BC7}"
EndProject
Project("{FAE04EC0-301F-11D3-BF4B-00C04F79EFBC}") = "EventManagementTest.Tests", "EventManagementTest.Tests\EventManagementTest.Tests.csproj", "{599E085E-D436-4CD5-AD5C-500A7742DAAC}"
EndProject
Global
	GlobalSection(SolutionConfigurationPlatforms) = preSolution
		Debug|Any CPU = Debug|Any CPU
		Release|Any CPU = Release|Any CPU
	EndGlobalSection
	GlobalSection(ProjectConfigurationPlatforms) = postSolution
		{2C08C027-D356-42E3-88CD-7E9692E16BC7}.Debug|Any CPU.ActiveCfg = Debug|Any CPU
		{2C08C027-D356-42E3-88CD-7E9692E16BC7}.Debug|Any CPU.Build.0 = Debug|Any CPU
		{2C08C027-D356-42E3-88CD-7E9692E16BC7}.Release|Any CPU.ActiveCfg = Release|Any CPU
		{2C08C027-D356-42E3-88CD-7E9692E16BC7}.Release|Any CPU.Build.0 = Release|Any CPU
		{599E085E-D436-4CD5-AD5C-500A7742DAAC}.Debug|Any CPU.ActiveCfg = Debug|Any CPU
		{599E085E-D436-4CD5-AD5C-500A7742DAAC}.Debug|Any CPU.Build.0 = Debug|Any CPU
		{599E085E-D436-4CD5-AD5C-500A7742DAAC}.Release|Any CPU.ActiveCfg = Release|Any CPU
		{599E085E-D436-4CD5-AD5C-500A7742DAAC}.Release|Any CPU.Build.0 = Release|Any CPU
	EndGlobalSection
	GlobalSection(SolutionProperties) = preSolution
		HideSolutionNode = FALSE
	EndGlobalSection
	GlobalSection(ExtensibilityGlobals) = postSolution
		SolutionGuid = {BC0D1783-B38A-4E9E-8812-773912F17E51}
	EndGlobalSection
EndGlobal
